
Microsoft Visual Studio Solution File, Format Version 12.00
# Visual Studio Version 17
VisualStudioVersion = 17.3.32901.215
MinimumVisualStudioVersion = 10.0.40219.1
Project("{FAE04EC0-301F-11D3-BF4B-00C04F79EFBC}") = "Obmin_valut", "Obmin_valut.csproj", "{D65E5B3A-6846-457F-8CA1-39E98D931293}"
EndProject
Global
	GlobalSection(SolutionConfigurationPlatforms) = preSolution
		Debug|Any CPU = Debug|Any CPU
		Release|Any CPU = Release|Any CPU
	EndGlobalSection
	GlobalSection(ProjectConfigurationPlatforms) = postSolution
		{D65E5B3A-6846-457F-8CA1-39E98D931293}.Debug|Any CPU.ActiveCfg = Debug|Any CPU
		{D65E5B3A-6846-457F-8CA1-39E98D931293}.Debug|Any CPU.Build.0 = Debug|Any CPU
		{D65E5B3A-6846-457F-8CA1-39E98D931293}.Release|Any CPU.ActiveCfg = Release|Any CPU
		{D65E5B3A-6846-457F-8CA1-39E98D931293}.Release|Any CPU.Build.0 = Release|Any CPU
	EndGlobalSection
	GlobalSection(SolutionProperties) = preSolution
		HideSolutionNode = FALSE
	EndGlobalSection
	GlobalSection(ExtensibilityGlobals) = postSolution
		SolutionGuid = {34A72508-A74A-4F59-B7A8-04CDA62E017C}
	EndGlobalSection
EndGlobal
